# THIS IS AN AUTOGENERATED FILE. DO NOT EDIT THIS FILE DIRECTLY.
# yarn lockfile v1


"@balena/dockerignore@^1.0.2":
  version "1.0.2"

"@cspotcode/source-map-support@^0.8.0":
  version "0.8.1"
  dependencies:
    "@jridgewell/trace-mapping" "0.3.9"

"@eslint-community/eslint-utils@^4.2.0":
  version "4.5.1"
  dependencies:
    eslint-visitor-keys "^3.4.3"

"@eslint-community/regexpp@^4.12.1":
  version "4.12.1"

"@eslint/config-array@^0.19.2":
  version "0.19.2"
  dependencies:
    "@eslint/object-schema" "^2.1.6"
    debug "^4.3.1"
    minimatch "^3.1.2"

"@eslint/config-helpers@^0.2.0":
  version "0.2.0"

"@eslint/core@^0.12.0":
  version "0.12.0"
  dependencies:
    "@types/json-schema" "^7.0.15"

"@eslint/eslintrc@^3.3.1":
  version "3.3.1"
  dependencies:
    ajv "^6.12.4"
    debug "^4.3.2"
    espree "^10.0.1"
    globals "^14.0.0"
    ignore "^5.2.0"
    import-fresh "^3.2.1"
    js-yaml "^4.1.0"
    minimatch "^3.1.2"
    strip-json-comments "^3.1.1"

"@eslint/js@9.23.0":
  version "9.23.0"

"@eslint/object-schema@^2.1.6":
  version "2.1.6"

"@eslint/plugin-kit@^0.2.7":
  version "0.2.7"
  dependencies:
    "@eslint/core" "^0.12.0"
    levn "^0.4.1"

"@fastify/accept-negotiator@^2.0.0":
  version "2.0.1"
  resolved "https://registry.npmjs.org/@fastify/accept-negotiator/-/accept-negotiator-2.0.1.tgz"
  integrity sha512-/c/TW2bO/v9JeEgoD/g1G5GxGeCF1Hafdf79WPmUlgYiBXummY0oX3VVq4yFkKKVBKDNlaDUYoab7g38RpPqCQ==

"@fastify/ajv-compiler@^4.0.0":
  version "4.0.2"
  dependencies:
    ajv "^8.12.0"
    ajv-formats "^3.0.1"
    fast-uri "^3.0.0"

"@fastify/error@^4.0.0":
  version "4.1.0"

"@fastify/fast-json-stringify-compiler@^5.0.0":
  version "5.0.2"
  dependencies:
    fast-json-stringify "^6.0.0"

"@fastify/forwarded@^3.0.0":
  version "3.0.0"

"@fastify/merge-json-schemas@^0.2.0":
  version "0.2.1"
  dependencies:
    dequal "^2.0.3"

"@fastify/proxy-addr@^5.0.0":
  version "5.0.0"
  dependencies:
    "@fastify/forwarded" "^3.0.0"
    ipaddr.js "^2.1.0"

"@fastify/send@^3.2.0":
  version "3.3.1"
  resolved "https://registry.npmjs.org/@fastify/send/-/send-3.3.1.tgz"
  integrity sha512-6pofeVwaHN+E/MAofCwDqkWUliE3i++jlD0VH/LOfU8TJlCkMUSgKvA9bawDdVXxjve7XrdYMyDmkiYaoGWEtA==
  dependencies:
    "@lukeed/ms" "^2.0.2"
    escape-html "~1.0.3"
    fast-decode-uri-component "^1.0.1"
    http-errors "^2.0.0"
    mime "^3"

"@fastify/static@^8.0.0":
  version "8.1.1"
  resolved "https://registry.npmjs.org/@fastify/static/-/static-8.1.1.tgz"
  integrity sha512-TW9eyVHJLytZNpBlSIqd0bl1giJkEaRaPZG+5AT3L/OBKq9U8D7g/OYmc2NPQZnzPURGhMt3IAWuyVkvd2nOkQ==
  dependencies:
    "@fastify/accept-negotiator" "^2.0.0"
    "@fastify/send" "^3.2.0"
    content-disposition "^0.5.4"
    fastify-plugin "^5.0.0"
    fastq "^1.17.1"
    glob "^11.0.0"

"@fastify/swagger-ui@^5.2.2":
  version "5.2.2"
  resolved "https://registry.npmjs.org/@fastify/swagger-ui/-/swagger-ui-5.2.2.tgz"
  integrity sha512-jf8xe+D8Xjc8TqrZhtlJImOWihd8iYFu8dhM01mGg+F04CKUM0zGB9aADE9nxzRUszyWp3wn+uWk89nbAoBMCw==
  dependencies:
    "@fastify/static" "^8.0.0"
    fastify-plugin "^5.0.0"
    openapi-types "^12.1.3"
    rfdc "^1.3.1"
    yaml "^2.4.1"

"@fastify/swagger@^9.4.2":
  version "9.4.2"
  resolved "https://registry.npmjs.org/@fastify/swagger/-/swagger-9.4.2.tgz"
  integrity sha512-WjSUu6QnmysLx1GeX7+oQAQUG/vBK5L8Qzcsht2SEpZiykpHURefMZpf+u3XbwSuH7TjeWOPgGIJIsEgj8AvxQ==
  dependencies:
    fastify-plugin "^5.0.0"
    json-schema-resolver "^3.0.0"
    openapi-types "^12.1.3"
    rfdc "^1.3.1"
    yaml "^2.4.2"

"@grpc/grpc-js@^1.11.1":
  version "1.13.1"
  dependencies:
    "@grpc/proto-loader" "^0.7.13"
    "@js-sdsl/ordered-map" "^4.4.2"

"@grpc/proto-loader@^0.7.13":
  version "0.7.13"
  dependencies:
    lodash.camelcase "^4.3.0"
    long "^5.0.0"
    protobufjs "^7.2.5"
    yargs "^17.7.2"

"@humanfs/core@^0.19.1":
  version "0.19.1"

"@humanfs/node@^0.16.6":
  version "0.16.6"
  dependencies:
    "@humanfs/core" "^0.19.1"
    "@humanwhocodes/retry" "^0.3.0"

"@humanwhocodes/module-importer@^1.0.1":
  version "1.0.1"

"@humanwhocodes/retry@^0.3.0":
  version "0.3.1"

"@humanwhocodes/retry@^0.4.2":
  version "0.4.2"

"@isaacs/cliui@^8.0.2":
  version "8.0.2"
  resolved "https://registry.npmjs.org/@isaacs/cliui/-/cliui-8.0.2.tgz"
  integrity sha512-O8jcjabXaleOG9DQ0+ARXWZBTfnP4WNAqzuiJK7ll44AmxGKv/J2M4TPjxjY3znBCfvBXFzucm1twdyFybFqEA==
  dependencies:
    string-width "^5.1.2"
    string-width-cjs "npm:string-width@^4.2.0"
    strip-ansi "^7.0.1"
    strip-ansi-cjs "npm:strip-ansi@^6.0.1"
    wrap-ansi "^8.1.0"
    wrap-ansi-cjs "npm:wrap-ansi@^7.0.0"

"@jridgewell/resolve-uri@^3.0.3":
  version "3.1.2"

"@jridgewell/sourcemap-codec@^1.4.10":
  version "1.5.0"

"@jridgewell/trace-mapping@0.3.9":
  version "0.3.9"
  dependencies:
    "@jridgewell/resolve-uri" "^3.0.3"
    "@jridgewell/sourcemap-codec" "^1.4.10"

"@js-sdsl/ordered-map@^4.4.2":
  version "4.4.2"

"@lukeed/ms@^2.0.2":
  version "2.0.2"
  resolved "https://registry.npmjs.org/@lukeed/ms/-/ms-2.0.2.tgz"
  integrity sha512-9I2Zn6+NJLfaGoz9jN3lpwDgAYvfGeNYdbAIjJOqzs4Tpc+VU3Jqq4IofSUBKajiDS8k9fZIg18/z13mpk1bsA==

"@protobufjs/aspromise@^1.1.1", "@protobufjs/aspromise@^1.1.2":
  version "1.1.2"

"@protobufjs/base64@^1.1.2":
  version "1.1.2"

"@protobufjs/codegen@^2.0.4":
  version "2.0.4"

"@protobufjs/eventemitter@^1.1.0":
  version "1.1.0"

"@protobufjs/fetch@^1.1.0":
  version "1.1.0"
  dependencies:
    "@protobufjs/aspromise" "^1.1.1"
    "@protobufjs/inquire" "^1.1.0"

"@protobufjs/float@^1.0.2":
  version "1.0.2"

"@protobufjs/inquire@^1.1.0":
  version "1.1.0"

"@protobufjs/path@^1.1.2":
  version "1.1.2"

"@protobufjs/pool@^1.1.0":
  version "1.1.0"

"@protobufjs/utf8@^1.1.0":
  version "1.1.0"

"@tsconfig/node10@^1.0.7":
  version "1.0.11"

"@tsconfig/node12@^1.0.7":
  version "1.0.11"

"@tsconfig/node14@^1.0.0":
  version "1.0.3"

"@tsconfig/node16@^1.0.2":
  version "1.0.4"

"@types/docker-modem@*":
  version "3.0.6"
  dependencies:
    "@types/node" "*"
    "@types/ssh2" "*"

"@types/dockerode@^3.3.34":
  version "3.3.35"
  dependencies:
    "@types/docker-modem" "*"
    "@types/node" "*"
    "@types/ssh2" "*"

"@types/estree@^1.0.6":
  version "1.0.7"

"@types/json-schema@^7.0.15":
  version "7.0.15"

"@types/node@*", "@types/node@^22.13.0", "@types/node@>=13.7.0":
  version "22.13.13"
  dependencies:
    undici-types "~6.20.0"

"@types/node@^18.11.18":
  version "18.19.83"
  dependencies:
    undici-types "~5.26.4"

"@types/ssh2@*":
  version "1.15.4"
  dependencies:
    "@types/node" "^18.11.18"

abstract-logging@^2.0.1:
  version "2.0.1"

acorn-jsx@^5.3.2:
  version "5.3.2"

acorn-walk@^8.1.1:
  version "8.3.4"
  dependencies:
    acorn "^8.11.0"

"acorn@^6.0.0 || ^7.0.0 || ^8.0.0", acorn@^8.11.0, acorn@^8.14.0, acorn@^8.4.1:
  version "8.14.1"

ajv-formats@^3.0.1:
  version "3.0.1"
  dependencies:
    ajv "^8.0.0"

ajv@^6.12.4:
  version "6.12.6"
  dependencies:
    fast-deep-equal "^3.1.1"
    fast-json-stable-stringify "^2.0.0"
    json-schema-traverse "^0.4.1"
    uri-js "^4.2.2"

ajv@^8.0.0:
  version "8.17.1"
  dependencies:
    fast-deep-equal "^3.1.3"
    fast-uri "^3.0.1"
    json-schema-traverse "^1.0.0"
    require-from-string "^2.0.2"

ajv@^8.12.0:
  version "8.17.1"
  dependencies:
    fast-deep-equal "^3.1.3"
    fast-uri "^3.0.1"
    json-schema-traverse "^1.0.0"
    require-from-string "^2.0.2"

ansi-regex@^5.0.1:
  version "5.0.1"
  resolved "https://registry.npmjs.org/ansi-regex/-/ansi-regex-5.0.1.tgz"
  integrity sha512-quJQXlTSUGL2LH9SUXo8VwsY4soanhgo6LNSm84E1LBcE8s3O0wpdiRzyR9z/ZZJMlMWv37qOOb9pdJlMUEKFQ==

ansi-regex@^6.0.1:
  version "6.1.0"
  resolved "https://registry.npmjs.org/ansi-regex/-/ansi-regex-6.1.0.tgz"
  integrity sha512-7HSX4QQb4CspciLpVFwyRe79O3xsIZDDLER21kERQ71oaPodF8jL725AgJMFAYbooIqolJoRLuM81SpeUkpkvA==

ansi-styles@^4.0.0, ansi-styles@^4.1.0:
  version "4.3.0"
  dependencies:
    color-convert "^2.0.1"

ansi-styles@^6.1.0:
  version "6.2.1"
  resolved "https://registry.npmjs.org/ansi-styles/-/ansi-styles-6.2.1.tgz"
  integrity sha512-bN798gFfQX+viw3R7yrGWRqnrN2oRkEkUjjl4JNn4E8GxxbjtG3FbrEIIY3l8/hrwUwIeCZvi4QuOTP4MErVug==

anymatch@~3.1.2:
  version "3.1.3"
  dependencies:
    normalize-path "^3.0.0"
    picomatch "^2.0.4"

arg@^4.1.0:
  version "4.1.3"

argparse@^2.0.1:
  version "2.0.1"

asn1@^0.2.6:
  version "0.2.6"
  dependencies:
    safer-buffer "~2.1.0"

atomic-sleep@^1.0.0:
  version "1.0.0"

avvio@^9.0.0:
  version "9.1.0"
  dependencies:
    "@fastify/error" "^4.0.0"
    fastq "^1.17.1"

balanced-match@^1.0.0:
  version "1.0.2"

base64-js@^1.3.1:
  version "1.5.1"

bcrypt-pbkdf@^1.0.2:
  version "1.0.2"
  dependencies:
    tweetnacl "^0.14.3"

binary-extensions@^2.0.0:
  version "2.3.0"

bl@^4.0.3:
  version "4.1.0"
  dependencies:
    buffer "^5.5.0"
    inherits "^2.0.4"
    readable-stream "^3.4.0"

brace-expansion@^1.1.7:
  version "1.1.11"
  dependencies:
    balanced-match "^1.0.0"
    concat-map "0.0.1"

brace-expansion@^2.0.1:
  version "2.0.1"
  resolved "https://registry.npmjs.org/brace-expansion/-/brace-expansion-2.0.1.tgz"
  integrity sha512-XnAIvQ8eM+kC6aULx6wuQiwVsnzsi9d3WxzV3FpWTGA19F621kwdbsAcFKXgKUHZWsy+mY6iL1sHTxWEFCytDA==
  dependencies:
    balanced-match "^1.0.0"

braces@~3.0.2:
  version "3.0.3"
  dependencies:
    fill-range "^7.1.1"

buffer@^5.5.0:
  version "5.7.1"
  dependencies:
    base64-js "^1.3.1"
    ieee754 "^1.1.13"

buildcheck@~0.0.6:
  version "0.0.6"

callsites@^3.0.0:
  version "3.1.0"

chalk@^4.0.0:
  version "4.1.2"
  dependencies:
    ansi-styles "^4.1.0"
    supports-color "^7.1.0"

chokidar@^3.5.2:
  version "3.6.0"
  dependencies:
    anymatch "~3.1.2"
    braces "~3.0.2"
    glob-parent "~5.1.2"
    is-binary-path "~2.1.0"
    is-glob "~4.0.1"
    normalize-path "~3.0.0"
    readdirp "~3.6.0"
  optionalDependencies:
    fsevents "~2.3.2"

chownr@^1.1.1:
  version "1.1.4"

cliui@^8.0.1:
  version "8.0.1"
  dependencies:
    string-width "^4.2.0"
    strip-ansi "^6.0.1"
    wrap-ansi "^7.0.0"

color-convert@^2.0.1:
  version "2.0.1"
  dependencies:
    color-name "~1.1.4"

color-name@~1.1.4:
  version "1.1.4"

concat-map@0.0.1:
  version "0.0.1"

content-disposition@^0.5.4:
  version "0.5.4"
  resolved "https://registry.npmjs.org/content-disposition/-/content-disposition-0.5.4.tgz"
  integrity sha512-FveZTNuGw04cxlAiWbzi6zTAL/lhehaWbTtgluJh4/E95DqMwTmha3KZN1aAWA8cFIhHzMZUvLevkw5Rqk+tSQ==
  dependencies:
    safe-buffer "5.2.1"

cookie@^1.0.1:
  version "1.0.2"

cpu-features@~0.0.10:
  version "0.0.10"
  dependencies:
    buildcheck "~0.0.6"
    nan "^2.19.0"

create-require@^1.1.0:
  version "1.1.1"

cross-spawn@^7.0.6:
  version "7.0.6"
  dependencies:
    path-key "^3.1.0"
    shebang-command "^2.0.0"
    which "^2.0.1"

debug@^4, debug@^4.1.1, debug@^4.3.1, debug@^4.3.2:
  version "4.4.0"
  dependencies:
    ms "^2.1.3"

deep-is@^0.1.3:
  version "0.1.4"

depd@2.0.0:
  version "2.0.0"
  resolved "https://registry.npmjs.org/depd/-/depd-2.0.0.tgz"
  integrity sha512-g7nH6P6dyDioJogAAGprGpCtVImJhpPk/roCzdb3fIh61/s/nPsfR6onyMwkCAR/OlC3yBC0lESvUoQEAssIrw==

dequal@^2.0.3:
  version "2.0.3"

diff@^4.0.1:
  version "4.0.2"

docker-compose@^1.2.0:
  version "1.2.0"
  resolved "https://registry.npmjs.org/docker-compose/-/docker-compose-1.2.0.tgz"
  integrity sha512-wIU1eHk3Op7dFgELRdmOYlPYS4gP8HhH1ZmZa13QZF59y0fblzFDFmKPhyc05phCy2hze9OEvNZAsoljrs+72w==
  dependencies:
    yaml "^2.2.2"

"docker-mate@file:/Users/danieleangeli/Documents/Repositories/container-mate/packages/docker-mate":
  resolved "file:packages/docker-mate"
  dependencies:
    docker-compose "^1.2.0"
    dockerode "^4.0.4"
    fastify "^5.2.1"
    fastify-plugin "^5.0.1"
    yaml "^2.7.0"

docker-modem@^5.0.6:
  version "5.0.6"
  dependencies:
    debug "^4.1.1"
    readable-stream "^3.5.0"
    split-ca "^1.0.1"
    ssh2 "^1.15.0"

dockerode@^4.0.4:
  version "4.0.4"
  dependencies:
    "@balena/dockerignore" "^1.0.2"
    "@grpc/grpc-js" "^1.11.1"
    "@grpc/proto-loader" "^0.7.13"
    docker-modem "^5.0.6"
    protobufjs "^7.3.2"
    tar-fs "~2.0.1"
    uuid "^10.0.0"

eastasianwidth@^0.2.0:
  version "0.2.0"
  resolved "https://registry.npmjs.org/eastasianwidth/-/eastasianwidth-0.2.0.tgz"
  integrity sha512-I88TYZWc9XiYHRQ4/3c5rjjfgkjhLyW2luGIheGERbNQ6OY7yTybanSpDXZa8y7VUP9YmDcYa+eyq4ca7iLqWA==

emoji-regex@^8.0.0:
  version "8.0.0"
  resolved "https://registry.npmjs.org/emoji-regex/-/emoji-regex-8.0.0.tgz"
  integrity sha512-MSjYzcWNOA0ewAHpz0MxpYFvwg6yjy1NG3xteoqz644VCo/RPgnr1/GGt+ic3iJTzQ8Eu3TdM14SawnVUmGE6A==

emoji-regex@^9.2.2:
  version "9.2.2"
  resolved "https://registry.npmjs.org/emoji-regex/-/emoji-regex-9.2.2.tgz"
  integrity sha512-L18DaJsXSUk2+42pv8mLs5jJT2hqFkFE4j21wOmgbUqsZ2hL72NsUU785g9RXgo3s0ZNgVl42TiHp3ZtOv/Vyg==

end-of-stream@^1.1.0, end-of-stream@^1.4.1:
  version "1.4.4"
  dependencies:
    once "^1.4.0"

escalade@^3.1.1:
  version "3.2.0"

escape-html@~1.0.3:
  version "1.0.3"
  resolved "https://registry.npmjs.org/escape-html/-/escape-html-1.0.3.tgz"
  integrity sha512-NiSupZ4OeuGwr68lGIeym/ksIZMJodUGOSCZ/FSnTxcrekbvqrgdUxlJOMpijaKZVjAJrWrGs/6Jy8OMuyj9ow==

escape-string-regexp@^4.0.0:
  version "4.0.0"

eslint-scope@^8.3.0:
  version "8.3.0"
  dependencies:
    esrecurse "^4.3.0"
    estraverse "^5.2.0"

eslint-visitor-keys@^3.4.3:
  version "3.4.3"

eslint-visitor-keys@^4.2.0:
  version "4.2.0"

"eslint@^6.0.0 || ^7.0.0 || >=8.0.0", eslint@^9.19.0:
  version "9.23.0"
  dependencies:
    "@eslint-community/eslint-utils" "^4.2.0"
    "@eslint-community/regexpp" "^4.12.1"
    "@eslint/config-array" "^0.19.2"
    "@eslint/config-helpers" "^0.2.0"
    "@eslint/core" "^0.12.0"
    "@eslint/eslintrc" "^3.3.1"
    "@eslint/js" "9.23.0"
    "@eslint/plugin-kit" "^0.2.7"
    "@humanfs/node" "^0.16.6"
    "@humanwhocodes/module-importer" "^1.0.1"
    "@humanwhocodes/retry" "^0.4.2"
    "@types/estree" "^1.0.6"
    "@types/json-schema" "^7.0.15"
    ajv "^6.12.4"
    chalk "^4.0.0"
    cross-spawn "^7.0.6"
    debug "^4.3.2"
    escape-string-regexp "^4.0.0"
    eslint-scope "^8.3.0"
    eslint-visitor-keys "^4.2.0"
    espree "^10.3.0"
    esquery "^1.5.0"
    esutils "^2.0.2"
    fast-deep-equal "^3.1.3"
    file-entry-cache "^8.0.0"
    find-up "^5.0.0"
    glob-parent "^6.0.2"
    ignore "^5.2.0"
    imurmurhash "^0.1.4"
    is-glob "^4.0.0"
    json-stable-stringify-without-jsonify "^1.0.1"
    lodash.merge "^4.6.2"
    minimatch "^3.1.2"
    natural-compare "^1.4.0"
    optionator "^0.9.3"

espree@^10.0.1, espree@^10.3.0:
  version "10.3.0"
  dependencies:
    acorn "^8.14.0"
    acorn-jsx "^5.3.2"
    eslint-visitor-keys "^4.2.0"

esquery@^1.5.0:
  version "1.6.0"
  dependencies:
    estraverse "^5.1.0"

esrecurse@^4.3.0:
  version "4.3.0"
  dependencies:
    estraverse "^5.2.0"

estraverse@^5.1.0, estraverse@^5.2.0:
  version "5.3.0"

esutils@^2.0.2:
  version "2.0.3"

fast-decode-uri-component@^1.0.1:
  version "1.0.1"

fast-deep-equal@^3.1.1, fast-deep-equal@^3.1.3:
  version "3.1.3"

fast-json-stable-stringify@^2.0.0:
  version "2.1.0"

fast-json-stringify@^6.0.0:
  version "6.0.1"
  dependencies:
    "@fastify/merge-json-schemas" "^0.2.0"
    ajv "^8.12.0"
    ajv-formats "^3.0.1"
    fast-uri "^3.0.0"
    json-schema-ref-resolver "^2.0.0"
    rfdc "^1.2.0"

fast-levenshtein@^2.0.6:
  version "2.0.6"

fast-querystring@^1.0.0:
  version "1.1.2"
  dependencies:
    fast-decode-uri-component "^1.0.1"

fast-redact@^3.1.1:
  version "3.5.0"

fast-uri@^3.0.0, fast-uri@^3.0.1, fast-uri@^3.0.5:
  version "3.0.6"

fastify-plugin@^5.0.0, fastify-plugin@^5.0.1:
  version "5.0.1"

fastify@^5.2.1:
  version "5.2.1"
  dependencies:
    "@fastify/ajv-compiler" "^4.0.0"
    "@fastify/error" "^4.0.0"
    "@fastify/fast-json-stringify-compiler" "^5.0.0"
    "@fastify/proxy-addr" "^5.0.0"
    abstract-logging "^2.0.1"
    avvio "^9.0.0"
    fast-json-stringify "^6.0.0"
    find-my-way "^9.0.0"
    light-my-request "^6.0.0"
    pino "^9.0.0"
    process-warning "^4.0.0"
    rfdc "^1.3.1"
    secure-json-parse "^3.0.1"
    semver "^7.6.0"
    toad-cache "^3.7.0"

fastq@^1.17.1:
  version "1.19.1"
  dependencies:
    reusify "^1.0.4"

file-entry-cache@^8.0.0:
  version "8.0.0"
  dependencies:
    flat-cache "^4.0.0"

fill-range@^7.1.1:
  version "7.1.1"
  dependencies:
    to-regex-range "^5.0.1"

find-my-way@^9.0.0:
  version "9.3.0"
  dependencies:
    fast-deep-equal "^3.1.3"
    fast-querystring "^1.0.0"
    safe-regex2 "^5.0.0"

find-up@^5.0.0:
  version "5.0.0"
  dependencies:
    locate-path "^6.0.0"
    path-exists "^4.0.0"

flat-cache@^4.0.0:
  version "4.0.1"
  dependencies:
    flatted "^3.2.9"
    keyv "^4.5.4"

flatted@^3.2.9:
  version "3.3.3"

foreground-child@^3.1.0:
  version "3.3.1"
  resolved "https://registry.npmjs.org/foreground-child/-/foreground-child-3.3.1.tgz"
  integrity sha512-gIXjKqtFuWEgzFRJA9WCQeSJLZDjgJUOMCMzxtvFq/37KojM1BFGufqsCy0r4qSQmYLsZYMeyRqzIWOMup03sw==
  dependencies:
    cross-spawn "^7.0.6"
    signal-exit "^4.0.1"

fs-constants@^1.0.0:
  version "1.0.0"

fsevents@~2.3.2:
  version "2.3.3"

get-caller-file@^2.0.5:
  version "2.0.5"

glob-parent@^6.0.2:
  version "6.0.2"
  dependencies:
    is-glob "^4.0.3"

glob-parent@~5.1.2:
  version "5.1.2"
  dependencies:
    is-glob "^4.0.1"

glob@^11.0.0:
  version "11.0.1"
  resolved "https://registry.npmjs.org/glob/-/glob-11.0.1.tgz"
  integrity sha512-zrQDm8XPnYEKawJScsnM0QzobJxlT/kHOOlRTio8IH/GrmxRE5fjllkzdaHclIuNjUQTJYH2xHNIGfdpJkDJUw==
  dependencies:
    foreground-child "^3.1.0"
    jackspeak "^4.0.1"
    minimatch "^10.0.0"
    minipass "^7.1.2"
    package-json-from-dist "^1.0.0"
    path-scurry "^2.0.0"

globals@^14.0.0:
  version "14.0.0"

has-flag@^3.0.0:
  version "3.0.0"

has-flag@^4.0.0:
  version "4.0.0"

http-errors@^2.0.0:
  version "2.0.0"
  resolved "https://registry.npmjs.org/http-errors/-/http-errors-2.0.0.tgz"
  integrity sha512-FtwrG/euBzaEjYeRqOgly7G0qviiXoJWnvEH2Z1plBdXgbyjv34pHTSb9zoeHMyDy33+DWy5Wt9Wo+TURtOYSQ==
  dependencies:
    depd "2.0.0"
    inherits "2.0.4"
    setprototypeof "1.2.0"
    statuses "2.0.1"
    toidentifier "1.0.1"

ieee754@^1.1.13:
  version "1.2.1"

ignore-by-default@^1.0.1:
  version "1.0.1"

ignore@^5.2.0:
  version "5.3.2"

import-fresh@^3.2.1:
  version "3.3.1"
  dependencies:
    parent-module "^1.0.0"
    resolve-from "^4.0.0"

imurmurhash@^0.1.4:
  version "0.1.4"

inherits@^2.0.3, inherits@^2.0.4, inherits@2.0.4:
  version "2.0.4"

ipaddr.js@^2.1.0:
  version "2.2.0"

is-binary-path@~2.1.0:
  version "2.1.0"
  dependencies:
    binary-extensions "^2.0.0"

is-extglob@^2.1.1:
  version "2.1.1"

is-fullwidth-code-point@^3.0.0:
  version "3.0.0"

is-glob@^4.0.0, is-glob@^4.0.1, is-glob@^4.0.3, is-glob@~4.0.1:
  version "4.0.3"
  dependencies:
    is-extglob "^2.1.1"

is-number@^7.0.0:
  version "7.0.0"

isexe@^2.0.0:
  version "2.0.0"

jackspeak@^4.0.1:
  version "4.1.0"
  resolved "https://registry.npmjs.org/jackspeak/-/jackspeak-4.1.0.tgz"
  integrity sha512-9DDdhb5j6cpeitCbvLO7n7J4IxnbM6hoF6O1g4HQ5TfhvvKN8ywDM7668ZhMHRqVmxqhps/F6syWK2KcPxYlkw==
  dependencies:
    "@isaacs/cliui" "^8.0.2"

js-yaml@^4.1.0:
  version "4.1.0"
  dependencies:
    argparse "^2.0.1"

json-buffer@3.0.1:
  version "3.0.1"

json-schema-ref-resolver@^2.0.0:
  version "2.0.1"
  dependencies:
    dequal "^2.0.3"

json-schema-resolver@^3.0.0:
  version "3.0.0"
  resolved "https://registry.npmjs.org/json-schema-resolver/-/json-schema-resolver-3.0.0.tgz"
  integrity sha512-HqMnbz0tz2DaEJ3ntsqtx3ezzZyDE7G56A/pPY/NGmrPu76UzsWquOpHFRAf5beTNXoH2LU5cQePVvRli1nchA==
  dependencies:
    debug "^4.1.1"
    fast-uri "^3.0.5"
    rfdc "^1.1.4"

json-schema-traverse@^0.4.1:
  version "0.4.1"

json-schema-traverse@^1.0.0:
  version "1.0.0"

json-stable-stringify-without-jsonify@^1.0.1:
  version "1.0.1"

keyv@^4.5.4:
  version "4.5.4"
  dependencies:
    json-buffer "3.0.1"

levn@^0.4.1:
  version "0.4.1"
  dependencies:
    prelude-ls "^1.2.1"
    type-check "~0.4.0"

light-my-request@^6.0.0:
  version "6.6.0"
  dependencies:
    cookie "^1.0.1"
    process-warning "^4.0.0"
    set-cookie-parser "^2.6.0"

locate-path@^6.0.0:
  version "6.0.0"
  dependencies:
    p-locate "^5.0.0"

lodash.camelcase@^4.3.0:
  version "4.3.0"

lodash.merge@^4.6.2:
  version "4.6.2"

long@^5.0.0:
  version "5.3.1"

lru-cache@^11.0.0:
  version "11.1.0"
  resolved "https://registry.npmjs.org/lru-cache/-/lru-cache-11.1.0.tgz"
  integrity sha512-QIXZUBJUx+2zHUdQujWejBkcD9+cs94tLn0+YL8UrCh+D5sCXZ4c7LaEH48pNwRY3MLDgqUFyhlCyjJPf1WP0A==

make-error@^1.1.1:
  version "1.3.6"

mime@^3:
  version "3.0.0"
  resolved "https://registry.npmjs.org/mime/-/mime-3.0.0.tgz"
  integrity sha512-jSCU7/VB1loIWBZe14aEYHU/+1UMEHoaO7qxCOVJOw9GgH72VAWppxNcjU+x9a2k3GSIBXNKxXQFqRvvZ7vr3A==

minimatch@^10.0.0:
  version "10.0.1"
  resolved "https://registry.npmjs.org/minimatch/-/minimatch-10.0.1.tgz"
  integrity sha512-ethXTt3SGGR+95gudmqJ1eNhRO7eGEGIgYA9vnPatK4/etz2MEVDno5GMCibdMTuBMyElzIlgxMna3K94XDIDQ==
  dependencies:
    brace-expansion "^2.0.1"

minimatch@^3.1.2:
  version "3.1.2"
  dependencies:
    brace-expansion "^1.1.7"

minipass@^7.1.2:
  version "7.1.2"
  resolved "https://registry.npmjs.org/minipass/-/minipass-7.1.2.tgz"
  integrity sha512-qOOzS1cBTWYF4BH8fVePDBOO9iptMnGUEZwNc/cMWnTV2nVLZ7VoNWEPHkYczZA0pdoA7dl6e7FL659nX9S2aw==

mkdirp-classic@^0.5.2:
  version "0.5.3"

ms@^2.1.3:
  version "2.1.3"

nan@^2.19.0, nan@^2.20.0:
  version "2.22.2"

natural-compare@^1.4.0:
  version "1.4.0"

nodemon@^3.1.9:
  version "3.1.9"
  dependencies:
    chokidar "^3.5.2"
    debug "^4"
    ignore-by-default "^1.0.1"
    minimatch "^3.1.2"
    pstree.remy "^1.1.8"
    semver "^7.5.3"
    simple-update-notifier "^2.0.0"
    supports-color "^5.5.0"
    touch "^3.1.0"
    undefsafe "^2.0.5"

normalize-path@^3.0.0, normalize-path@~3.0.0:
  version "3.0.0"

on-exit-leak-free@^2.1.0:
  version "2.1.2"

once@^1.3.1, once@^1.4.0:
  version "1.4.0"
  dependencies:
    wrappy "1"

openapi-types@^12.1.3:
  version "12.1.3"
  resolved "https://registry.npmjs.org/openapi-types/-/openapi-types-12.1.3.tgz"
  integrity sha512-N4YtSYJqghVu4iek2ZUvcN/0aqH1kRDuNqzcycDxhOUpg7GdvLa2F3DgS6yBNhInhv2r/6I0Flkn7CqL8+nIcw==

optionator@^0.9.3:
  version "0.9.4"
  dependencies:
    deep-is "^0.1.3"
    fast-levenshtein "^2.0.6"
    levn "^0.4.1"
    prelude-ls "^1.2.1"
    type-check "^0.4.0"
    word-wrap "^1.2.5"

p-limit@^3.0.2:
  version "3.1.0"
  dependencies:
    yocto-queue "^0.1.0"

p-locate@^5.0.0:
  version "5.0.0"
  dependencies:
    p-limit "^3.0.2"

package-json-from-dist@^1.0.0:
  version "1.0.1"
  resolved "https://registry.npmjs.org/package-json-from-dist/-/package-json-from-dist-1.0.1.tgz"
  integrity sha512-UEZIS3/by4OC8vL3P2dTXRETpebLI2NiI5vIrjaD/5UtrkFX/tNbwjTSRAGC/+7CAo2pIcBaRgWmcBBHcsaCIw==

parent-module@^1.0.0:
  version "1.0.1"
  dependencies:
    callsites "^3.0.0"

path-exists@^4.0.0:
  version "4.0.0"

path-key@^3.1.0:
  version "3.1.1"

path-scurry@^2.0.0:
  version "2.0.0"
  resolved "https://registry.npmjs.org/path-scurry/-/path-scurry-2.0.0.tgz"
  integrity sha512-ypGJsmGtdXUOeM5u93TyeIEfEhM6s+ljAhrk5vAvSx8uyY/02OvrZnA0YNGUrPXfpJMgI1ODd3nwz8Npx4O4cg==
  dependencies:
    lru-cache "^11.0.0"
    minipass "^7.1.2"

picomatch@^2.0.4, picomatch@^2.2.1:
  version "2.3.1"

pino-abstract-transport@^2.0.0:
  version "2.0.0"
  dependencies:
    split2 "^4.0.0"

pino-std-serializers@^7.0.0:
  version "7.0.0"

pino@^9.0.0:
  version "9.6.0"
  dependencies:
    atomic-sleep "^1.0.0"
    fast-redact "^3.1.1"
    on-exit-leak-free "^2.1.0"
    pino-abstract-transport "^2.0.0"
    pino-std-serializers "^7.0.0"
    process-warning "^4.0.0"
    quick-format-unescaped "^4.0.3"
    real-require "^0.2.0"
    safe-stable-stringify "^2.3.1"
    sonic-boom "^4.0.1"
    thread-stream "^3.0.0"

prelude-ls@^1.2.1:
  version "1.2.1"

prettier@^3.4.2:
  version "3.5.3"

process-warning@^4.0.0:
  version "4.0.1"

protobufjs@^7.2.5, protobufjs@^7.3.2:
  version "7.4.0"
  dependencies:
    "@protobufjs/aspromise" "^1.1.2"
    "@protobufjs/base64" "^1.1.2"
    "@protobufjs/codegen" "^2.0.4"
    "@protobufjs/eventemitter" "^1.1.0"
    "@protobufjs/fetch" "^1.1.0"
    "@protobufjs/float" "^1.0.2"
    "@protobufjs/inquire" "^1.1.0"
    "@protobufjs/path" "^1.1.2"
    "@protobufjs/pool" "^1.1.0"
    "@protobufjs/utf8" "^1.1.0"
    "@types/node" ">=13.7.0"
    long "^5.0.0"

pstree.remy@^1.1.8:
  version "1.1.8"

pump@^3.0.0:
  version "3.0.2"
  dependencies:
    end-of-stream "^1.1.0"
    once "^1.3.1"

punycode@^2.1.0:
  version "2.3.1"

quick-format-unescaped@^4.0.3:
  version "4.0.4"

readable-stream@^3.1.1, readable-stream@^3.4.0, readable-stream@^3.5.0:
  version "3.6.2"
  dependencies:
    inherits "^2.0.3"
    string_decoder "^1.1.1"
    util-deprecate "^1.0.1"

readdirp@~3.6.0:
  version "3.6.0"
  dependencies:
    picomatch "^2.2.1"

real-require@^0.2.0:
  version "0.2.0"

require-directory@^2.1.1:
  version "2.1.1"

require-from-string@^2.0.2:
  version "2.0.2"

resolve-from@^4.0.0:
  version "4.0.0"

ret@~0.5.0:
  version "0.5.0"

reusify@^1.0.4:
  version "1.1.0"

rfdc@^1.1.4, rfdc@^1.2.0, rfdc@^1.3.1:
  version "1.4.1"

safe-buffer@~5.2.0, safe-buffer@5.2.1:
  version "5.2.1"

safe-regex2@^5.0.0:
  version "5.0.0"
  dependencies:
    ret "~0.5.0"

safe-stable-stringify@^2.3.1:
  version "2.5.0"

safer-buffer@~2.1.0:
  version "2.1.2"

secure-json-parse@^3.0.1:
  version "3.0.2"

semver@^7.5.3, semver@^7.6.0:
  version "7.7.1"

set-cookie-parser@^2.6.0:
  version "2.7.1"

setprototypeof@1.2.0:
  version "1.2.0"
  resolved "https://registry.npmjs.org/setprototypeof/-/setprototypeof-1.2.0.tgz"
  integrity sha512-E5LDX7Wrp85Kil5bhZv46j8jOeboKq5JMmYM3gVGdGH8xFpPWXUMsNrlODCrkoxMEeNi/XZIwuRvY4XNwYMJpw==

shebang-command@^2.0.0:
  version "2.0.0"
  dependencies:
    shebang-regex "^3.0.0"

shebang-regex@^3.0.0:
  version "3.0.0"

signal-exit@^4.0.1:
  version "4.1.0"
  resolved "https://registry.npmjs.org/signal-exit/-/signal-exit-4.1.0.tgz"
  integrity sha512-bzyZ1e88w9O1iNJbKnOlvYTrWPDl46O1bG0D3XInv+9tkPrxrN8jUUTiFlDkkmKWgn1M6CfIA13SuGqOa9Korw==

simple-update-notifier@^2.0.0:
  version "2.0.0"
  dependencies:
    semver "^7.5.3"

sonic-boom@^4.0.1:
  version "4.2.0"
  dependencies:
    atomic-sleep "^1.0.0"

split-ca@^1.0.1:
  version "1.0.1"

split2@^4.0.0:
  version "4.2.0"

ssh2@^1.15.0:
  version "1.16.0"
  dependencies:
    asn1 "^0.2.6"
    bcrypt-pbkdf "^1.0.2"
  optionalDependencies:
    cpu-features "~0.0.10"
    nan "^2.20.0"

statuses@2.0.1:
  version "2.0.1"
  resolved "https://registry.npmjs.org/statuses/-/statuses-2.0.1.tgz"
  integrity sha512-RwNA9Z/7PrK06rYLIzFMlaF+l73iwpzsqRIFgbMLbTcLD6cOao82TaWefPXQvB2fOC4AjuYSEndS7N/mTCbkdQ==

string_decoder@^1.1.1:
  version "1.3.0"
  dependencies:
    safe-buffer "~5.2.0"

"string-width-cjs@npm:string-width@^4.2.0":
  version "4.2.3"
  resolved "https://registry.npmjs.org/string-width/-/string-width-4.2.3.tgz"
  integrity sha512-wKyQRQpjJ0sIp62ErSZdGsjMJWsap5oRNihHhu6G7JVO/9jIB6UyevL+tXuOqrng8j/cxKTWyWUwvSTriiZz/g==
  dependencies:
    emoji-regex "^8.0.0"
    is-fullwidth-code-point "^3.0.0"
    strip-ansi "^6.0.1"

string-width@^4.1.0, string-width@^4.2.0:
  version "4.2.3"
  resolved "https://registry.npmjs.org/string-width/-/string-width-4.2.3.tgz"
  integrity sha512-wKyQRQpjJ0sIp62ErSZdGsjMJWsap5oRNihHhu6G7JVO/9jIB6UyevL+tXuOqrng8j/cxKTWyWUwvSTriiZz/g==
  dependencies:
    emoji-regex "^8.0.0"
    is-fullwidth-code-point "^3.0.0"
    strip-ansi "^6.0.1"

string-width@^4.2.3:
  version "4.2.3"
  dependencies:
    emoji-regex "^8.0.0"
    is-fullwidth-code-point "^3.0.0"
    strip-ansi "^6.0.1"

string-width@^5.0.1, string-width@^5.1.2:
  version "5.1.2"
  resolved "https://registry.npmjs.org/string-width/-/string-width-5.1.2.tgz"
  integrity sha512-HnLOCR3vjcY8beoNLtcjZ5/nxn2afmME6lhrDrebokqMap+XbeW8n9TXpPDOqdGK5qcI3oT0GKTW6wC7EMiVqA==
  dependencies:
    eastasianwidth "^0.2.0"
    emoji-regex "^9.2.2"
    strip-ansi "^7.0.1"

"strip-ansi-cjs@npm:strip-ansi@^6.0.1":
  version "6.0.1"
  resolved "https://registry.npmjs.org/strip-ansi/-/strip-ansi-6.0.1.tgz"
  integrity sha512-Y38VPSHcqkFrCpFnQ9vuSXmquuv5oXOKpGeT6aGrr3o3Gc9AlVa6JBfUSOCnbxGGZF+/0ooI7KrPuUSztUdU5A==
  dependencies:
    ansi-regex "^5.0.1"

strip-ansi@^6.0.0, strip-ansi@^6.0.1:
  version "6.0.1"
  resolved "https://registry.npmjs.org/strip-ansi/-/strip-ansi-6.0.1.tgz"
  integrity sha512-Y38VPSHcqkFrCpFnQ9vuSXmquuv5oXOKpGeT6aGrr3o3Gc9AlVa6JBfUSOCnbxGGZF+/0ooI7KrPuUSztUdU5A==
  dependencies:
    ansi-regex "^5.0.1"

strip-ansi@^7.0.1:
  version "7.1.0"
  resolved "https://registry.npmjs.org/strip-ansi/-/strip-ansi-7.1.0.tgz"
  integrity sha512-iq6eVVI64nQQTRYq2KtEg2d2uU7LElhTJwsH4YzIHZshxlgZms/wIc4VoDQTlG/IvVIrBKG06CrZnp0qv7hkcQ==
  dependencies:
    ansi-regex "^6.0.1"

strip-json-comments@^3.1.1:
  version "3.1.1"

supports-color@^5.5.0:
  version "5.5.0"
  dependencies:
    has-flag "^3.0.0"

supports-color@^7.1.0:
  version "7.2.0"
  dependencies:
    has-flag "^4.0.0"

tar-fs@~2.0.1:
  version "2.0.1"
  dependencies:
    chownr "^1.1.1"
    mkdirp-classic "^0.5.2"
    pump "^3.0.0"
    tar-stream "^2.0.0"

tar-stream@^2.0.0:
  version "2.2.0"
  dependencies:
    bl "^4.0.3"
    end-of-stream "^1.4.1"
    fs-constants "^1.0.0"
    inherits "^2.0.3"
    readable-stream "^3.1.1"

thread-stream@^3.0.0:
  version "3.1.0"
  dependencies:
    real-require "^0.2.0"

to-regex-range@^5.0.1:
  version "5.0.1"
  dependencies:
    is-number "^7.0.0"

toad-cache@^3.7.0:
  version "3.7.0"

toidentifier@1.0.1:
  version "1.0.1"
  resolved "https://registry.npmjs.org/toidentifier/-/toidentifier-1.0.1.tgz"
  integrity sha512-o5sSPKEkg/DIQNmH43V0/uerLrpzVedkUh8tGNvaeXpfpuwjKenlSox/2O/BTlZUtEe+JG7s5YhEz608PlAHRA==

touch@^3.1.0:
  version "3.1.1"

ts-node@^10.9.2:
  version "10.9.2"
  dependencies:
    "@cspotcode/source-map-support" "^0.8.0"
    "@tsconfig/node10" "^1.0.7"
    "@tsconfig/node12" "^1.0.7"
    "@tsconfig/node14" "^1.0.0"
    "@tsconfig/node16" "^1.0.2"
    acorn "^8.4.1"
    acorn-walk "^8.1.1"
    arg "^4.1.0"
    create-require "^1.1.0"
    diff "^4.0.1"
    make-error "^1.1.1"
    v8-compile-cache-lib "^3.0.1"
    yn "3.1.1"

tweetnacl@^0.14.3:
  version "0.14.5"

type-check@^0.4.0, type-check@~0.4.0:
  version "0.4.0"
  dependencies:
    prelude-ls "^1.2.1"

typescript@^5.7.3, typescript@>=2.7:
  version "5.8.2"

undefsafe@^2.0.5:
  version "2.0.5"

undici-types@~5.26.4:
  version "5.26.5"

undici-types@~6.20.0:
  version "6.20.0"

uri-js@^4.2.2:
  version "4.4.1"
  dependencies:
    punycode "^2.1.0"

util-deprecate@^1.0.1:
  version "1.0.2"

uuid@^10.0.0:
  version "10.0.0"

v8-compile-cache-lib@^3.0.1:
  version "3.0.1"

which@^2.0.1:
  version "2.0.2"
  dependencies:
    isexe "^2.0.0"

word-wrap@^1.2.5:
  version "1.2.5"

"wrap-ansi-cjs@npm:wrap-ansi@^7.0.0":
  version "7.0.0"
  resolved "https://registry.npmjs.org/wrap-ansi/-/wrap-ansi-7.0.0.tgz"
  integrity sha512-YVGIj2kamLSTxw6NsZjoBxfSwsn0ycdesmc4p+Q21c5zPuZ1pl+NfxVdxPtdHvmNVOQ6XSYG4AUtyt/Fi7D16Q==
  dependencies:
    ansi-styles "^4.0.0"
    string-width "^4.1.0"
    strip-ansi "^6.0.0"

wrap-ansi@^7.0.0:
  version "7.0.0"
  dependencies:
    ansi-styles "^4.0.0"
    string-width "^4.1.0"
    strip-ansi "^6.0.0"

wrap-ansi@^8.1.0:
  version "8.1.0"
  resolved "https://registry.npmjs.org/wrap-ansi/-/wrap-ansi-8.1.0.tgz"
  integrity sha512-si7QWI6zUMq56bESFvagtmzMdGOtoxfR+Sez11Mobfc7tm+VkUckk9bW2UeffTGVUbOksxmSw0AA2gs8g71NCQ==
  dependencies:
    ansi-styles "^6.1.0"
    string-width "^5.0.1"
    strip-ansi "^7.0.1"

wrappy@1:
  version "1.0.2"

y18n@^5.0.5:
  version "5.0.8"

yaml@^2.2.2, yaml@^2.4.1, yaml@^2.4.2, yaml@^2.7.0:
  version "2.7.0"

yargs-parser@^21.1.1:
  version "21.1.1"

yargs@^17.7.2:
  version "17.7.2"
  dependencies:
    cliui "^8.0.1"
    escalade "^3.1.1"
    get-caller-file "^2.0.5"
    require-directory "^2.1.1"
    string-width "^4.2.3"
    y18n "^5.0.5"
    yargs-parser "^21.1.1"

yn@3.1.1:
  version "3.1.1"

yocto-queue@^0.1.0:
  version "0.1.0"
